{
  "name": "component-register-hooks",
  "version": "0.0.2",
  "lockfileVersion": 1,
  "requires": true,
  "dependencies": {
    "@rollup/plugin-node-resolve": {
      "version": "7.1.1",
      "resolved": "https://registry.npmjs.org/@rollup/plugin-node-resolve/-/plugin-node-resolve-7.1.1.tgz",
      "integrity": "sha512-14ddhD7TnemeHE97a4rLOhobfYvUVcaYuqTnL8Ti7Jxi9V9Jr5LY7Gko4HZ5k4h4vqQM0gBQt6tsp9xXW94WPA==",
      "dev": true,
      "requires": {
        "@rollup/pluginutils": "^3.0.6",
        "@types/resolve": "0.0.8",
        "builtin-modules": "^3.1.0",
        "is-module": "^1.0.0",
        "resolve": "^1.14.2"
      },
      "dependencies": {
        "builtin-modules": {
          "version": "3.1.0",
          "resolved": "https://registry.npmjs.org/builtin-modules/-/builtin-modules-3.1.0.tgz",
          "integrity": "sha512-k0KL0aWZuBt2lrxrcASWDfwOLMnodeQjodT/1SxEQAXsHANgo6ZC/VEaSEHCXt7aSTZ4/4H5LKa+tBXmW7Vtvw==",
          "dev": true
        },
        "resolve": {
          "version": "1.15.1",
          "resolved": "https://registry.npmjs.org/resolve/-/resolve-1.15.1.tgz",
          "integrity": "sha512-84oo6ZTtoTUpjgNEr5SJyzQhzL72gaRodsSfyxC/AXRvwu0Yse9H8eF9IpGo7b8YetZhlI6v7ZQ6bKBFV/6S7w==",
          "dev": true,
          "requires": {
            "path-parse": "^1.0.6"
          }
        }
      }
    },
    "@rollup/pluginutils": {
      "version": "3.0.8",
      "resolved": "https://registry.npmjs.org/@rollup/pluginutils/-/pluginutils-3.0.8.tgz",
      "integrity": "sha512-rYGeAc4sxcZ+kPG/Tw4/fwJODC3IXHYDH4qusdN/b6aLw5LPUbzpecYbEJh4sVQGPFJxd2dBU4kc1H3oy9/bnw==",
      "dev": true,
      "requires": {
        "estree-walker": "^1.0.1"
      }
    },
    "@types/node": {
      "version": "13.9.3",
      "resolved": "https://registry.npmjs.org/@types/node/-/node-13.9.3.tgz",
      "integrity": "sha512-01s+ac4qerwd6RHD+mVbOEsraDHSgUaefQlEdBbUolnQFjKwCr7luvAlEwW1RFojh67u0z4OUTjPn9LEl4zIkA==",
      "dev": true
    },
    "@types/resolve": {
      "version": "0.0.8",
      "resolved": "https://registry.npmjs.org/@types/resolve/-/resolve-0.0.8.tgz",
      "integrity": "sha512-auApPaJf3NPfe18hSoJkp8EbZzer2ISk7o8mCC3M9he/a04+gbMF97NkpD2S8riMGvm4BMRI59/SZQSaLTKpsQ==",
      "dev": true,
      "requires": {
        "@types/node": "*"
      }
    },
    "augmentor": {
      "version": "2.1.6",
      "resolved": "https://registry.npmjs.org/augmentor/-/augmentor-2.1.6.tgz",
      "integrity": "sha512-eXhiLeiWFWI06Qq3LfOtB+qhej8n06FXwKjcQsMBd8gCRU15HsDIt7kU50JWg8AAq8VcuBJsqiKszZO1BB6NHA==",
      "requires": {
        "reraf": "^1.1.1",
        "umap": "^1.0.2"
      }
    },
    "component-register": {
      "version": "0.7.0",
      "resolved": "https://registry.npmjs.org/component-register/-/component-register-0.7.0.tgz",
      "integrity": "sha512-NZ6/XXsYp01F5iG88hHrRvIfzS4ZZv3ztmpbgktq4gQ2/o2b6hfysnv4dMobPpcFdGe7ZTPqg7FFS2hl2QJW7Q=="
    },
    "estree-walker": {
      "version": "1.0.1",
      "resolved": "https://registry.npmjs.org/estree-walker/-/estree-walker-1.0.1.tgz",
      "integrity": "sha512-1fMXF3YP4pZZVozF8j/ZLfvnR8NSIljt56UhbZ5PeeDmmGHpgpdwQt7ITlGvYaQukCvuBRMLEiKiYC+oeIg4cg==",
      "dev": true
    },
    "fsevents": {
      "version": "2.1.2",
      "resolved": "https://registry.npmjs.org/fsevents/-/fsevents-2.1.2.tgz",
      "integrity": "sha512-R4wDiBwZ0KzpgOWetKDug1FZcYhqYnUYKtfZYt4mD5SBz76q0KR4Q9o7GIPamsVPGmW3EYPPJ0dOOjvx32ldZA==",
      "dev": true,
      "optional": true
    },
    "is-module": {
      "version": "1.0.0",
      "resolved": "https://registry.npmjs.org/is-module/-/is-module-1.0.0.tgz",
      "integrity": "sha1-Mlj7afeMFNW4FdZkM2tM/7ZEFZE=",
      "dev": true
    },
    "path-parse": {
      "version": "1.0.6",
      "resolved": "https://registry.npmjs.org/path-parse/-/path-parse-1.0.6.tgz",
      "integrity": "sha512-GSmOT2EbHrINBf9SR7CDELwlJ8AENk3Qn7OikK4nFYAu3Ote2+JYNVvkpAEQm3/TLNEJFD/xZJjzyxg3KBWOzw==",
      "dev": true
    },
    "reraf": {
      "version": "1.1.1",
      "resolved": "https://registry.npmjs.org/reraf/-/reraf-1.1.1.tgz",
      "integrity": "sha512-uwOsqdTxJAQCxqvJF4Kiz4orwO9B8OBJkGeW7/NWNirapPutgig/3xU3emruvfwUbb+t51V0zHtNw6d83RDlJQ=="
    },
    "rollup": {
      "version": "2.1.0",
      "resolved": "https://registry.npmjs.org/rollup/-/rollup-2.1.0.tgz",
      "integrity": "sha512-gfE1455AEazVVTJoeQtcOq/U6GSxwoj4XPSWVsuWmgIxj7sBQNLDOSA82PbdMe+cP8ql8fR1jogPFe8Wg8g4SQ==",
      "dev": true,
      "requires": {
        "fsevents": "~2.1.2"
      }
    },
    "umap": {
      "version": "1.0.2",
      "resolved": "https://registry.npmjs.org/umap/-/umap-1.0.2.tgz",
      "integrity": "sha512-bW127HgG4H4VAD6qlqO5vCC+7bnlYvZ6A6BdwyGblkWvlEG7VYpj1bcpf3iJpvyKmkPZWDIeZDmoULz67ec7NA=="
    }
  }
}
